
Microsoft Visual Studio Solution File, Format Version 12.00
# Visual Studio Version 17
VisualStudioVersion = 17.10.35027.167
MinimumVisualStudioVersion = 10.0.40219.1
Project("{9A19103F-16F7-4668-BE54-9A1E7A4F7556}") = "Epic.CRM.WebApi", "Epic.CRM.WebApi\Epic.CRM.WebApi.csproj", "{B94EBFDE-5D01-433A-8A52-95E41DD3D3DA}"
EndProject
Project("{9A19103F-16F7-4668-BE54-9A1E7A4F7556}") = "Epic.CRM.BusinessLogic", "Epic.CRM.BusinessLogic\Epic.CRM.BusinessLogic.csproj", "{EFFEE036-A313-4F45-8900-2A5F6AF6ED56}"
EndProject
Project("{9A19103F-16F7-4668-BE54-9A1E7A4F7556}") = "Epic.CRM.DataDomain", "Epic.CRM.DataDomain\Epic.CRM.DataDomain.csproj", "{2CAFF689-2E45-42E7-962B-4E0664F099C1}"
EndProject
Project("{FAE04EC0-301F-11D3-BF4B-00C04F79EFBC}") = "Epic.CRM.Common", "Epic.CRM.Common\Epic.CRM.Common.csproj", "{A819E4AB-21B4-419F-B2A5-00581D5E473A}"
EndProject
Project("{E24C65DC-7377-472B-9ABA-BC803B73C61A}") = "src", "..\epic.crm.frontend\src\", "{7CBC1116-08C0-4469-8D0D-F22AE73C9957}"
	ProjectSection(WebsiteProperties) = preProject
		TargetFrameworkMoniker = ".NETFramework,Version%3Dv4.0"
		Debug.AspNetCompiler.VirtualPath = "/localhost_51769"
		Debug.AspNetCompiler.PhysicalPath = "..\epic.crm.frontend\src\"
		Debug.AspNetCompiler.TargetPath = "PrecompiledWeb\localhost_51769\"
		Debug.AspNetCompiler.Updateable = "true"
		Debug.AspNetCompiler.ForceOverwrite = "true"
		Debug.AspNetCompiler.FixedNames = "false"
		Debug.AspNetCompiler.Debug = "True"
		Release.AspNetCompiler.VirtualPath = "/localhost_51769"
		Release.AspNetCompiler.PhysicalPath = "..\epic.crm.frontend\src\"
		Release.AspNetCompiler.TargetPath = "PrecompiledWeb\localhost_51769\"
		Release.AspNetCompiler.Updateable = "true"
		Release.AspNetCompiler.ForceOverwrite = "true"
		Release.AspNetCompiler.FixedNames = "false"
		Release.AspNetCompiler.Debug = "False"
		VWDPort = "51769"
		SlnRelativePath = "..\epic.crm.frontend\src\"
	EndProjectSection
EndProject
Global
	GlobalSection(SolutionConfigurationPlatforms) = preSolution
		Debug|Any CPU = Debug|Any CPU
		Release|Any CPU = Release|Any CPU
	EndGlobalSection
	GlobalSection(ProjectConfigurationPlatforms) = postSolution
		{B94EBFDE-5D01-433A-8A52-95E41DD3D3DA}.Debug|Any CPU.ActiveCfg = Debug|Any CPU
		{B94EBFDE-5D01-433A-8A52-95E41DD3D3DA}.Debug|Any CPU.Build.0 = Debug|Any CPU
		{B94EBFDE-5D01-433A-8A52-95E41DD3D3DA}.Release|Any CPU.ActiveCfg = Release|Any CPU
		{B94EBFDE-5D01-433A-8A52-95E41DD3D3DA}.Release|Any CPU.Build.0 = Release|Any CPU
		{EFFEE036-A313-4F45-8900-2A5F6AF6ED56}.Debug|Any CPU.ActiveCfg = Debug|Any CPU
		{EFFEE036-A313-4F45-8900-2A5F6AF6ED56}.Debug|Any CPU.Build.0 = Debug|Any CPU
		{EFFEE036-A313-4F45-8900-2A5F6AF6ED56}.Release|Any CPU.ActiveCfg = Release|Any CPU
		{EFFEE036-A313-4F45-8900-2A5F6AF6ED56}.Release|Any CPU.Build.0 = Release|Any CPU
		{2CAFF689-2E45-42E7-962B-4E0664F099C1}.Debug|Any CPU.ActiveCfg = Debug|Any CPU
		{2CAFF689-2E45-42E7-962B-4E0664F099C1}.Debug|Any CPU.Build.0 = Debug|Any CPU
		{2CAFF689-2E45-42E7-962B-4E0664F099C1}.Release|Any CPU.ActiveCfg = Release|Any CPU
		{2CAFF689-2E45-42E7-962B-4E0664F099C1}.Release|Any CPU.Build.0 = Release|Any CPU
		{A819E4AB-21B4-419F-B2A5-00581D5E473A}.Debug|Any CPU.ActiveCfg = Debug|Any CPU
		{A819E4AB-21B4-419F-B2A5-00581D5E473A}.Debug|Any CPU.Build.0 = Debug|Any CPU
		{A819E4AB-21B4-419F-B2A5-00581D5E473A}.Release|Any CPU.ActiveCfg = Release|Any CPU
		{A819E4AB-21B4-419F-B2A5-00581D5E473A}.Release|Any CPU.Build.0 = Release|Any CPU
		{7CBC1116-08C0-4469-8D0D-F22AE73C9957}.Debug|Any CPU.ActiveCfg = Debug|Any CPU
		{7CBC1116-08C0-4469-8D0D-F22AE73C9957}.Debug|Any CPU.Build.0 = Debug|Any CPU
		{7CBC1116-08C0-4469-8D0D-F22AE73C9957}.Release|Any CPU.ActiveCfg = Debug|Any CPU
		{7CBC1116-08C0-4469-8D0D-F22AE73C9957}.Release|Any CPU.Build.0 = Debug|Any CPU
	EndGlobalSection
	GlobalSection(SolutionProperties) = preSolution
		HideSolutionNode = FALSE
	EndGlobalSection
	GlobalSection(ExtensibilityGlobals) = postSolution
		SolutionGuid = {D35C048E-3130-4236-89B0-9730E153B7B8}
	EndGlobalSection
EndGlobal
